
Microsoft Visual Studio Solution File, Format Version 12.00
# Visual Studio 2013
VisualStudioVersion = 12.0.30324.0
MinimumVisualStudioVersion = 10.0.40219.1
Project("{FAE04EC0-301F-11D3-BF4B-00C04F79EFBC}") = "Xamarin.Forms.Toolkit", "Xamarin.Forms.Toolkit\Xamarin.Forms.Toolkit.csproj", "{67F9D3A8-F71E-4428-913F-C37AE82CDB24}"
EndProject
Project("{FAE04EC0-301F-11D3-BF4B-00C04F79EFBC}") = "Xamarin.Forms.Toolkit.iOS", "Xamarin.Forms.Toolkit.iOS\Xamarin.Forms.Toolkit.iOS.csproj", "{BDDCE0E6-F0FD-463A-A7E9-36699A29682F}"
EndProject
Project("{FAE04EC0-301F-11D3-BF4B-00C04F79EFBC}") = "Xamarin.Forms.Toolkit.Droid", "Xamarin.Forms.Toolkit.Droid\Xamarin.Forms.Toolkit.Droid.csproj", "{E8713DEA-5C9A-4124-B56E-02D9DE3EC33E}"
EndProject
Project("{2150E333-8FDC-42A3-9474-1A3956D46DE8}") = "Samples", "Samples", "{9E493534-58F9-4D1C-ABD8-E19B1087C892}"
EndProject
Project("{FAE04EC0-301F-11D3-BF4B-00C04F79EFBC}") = "Xamarin.Forms.Toolkit.Sample", "Xamarin.Forms.Toolkit.Sample\Xamarin.Forms.Toolkit.Sample\Xamarin.Forms.Toolkit.Sample.csproj", "{3A377BEA-6A48-42D3-B80C-833DAE4C552B}"
EndProject
Project("{FAE04EC0-301F-11D3-BF4B-00C04F79EFBC}") = "Xamarin.Forms.Toolkit.Sample.iOS", "Xamarin.Forms.Toolkit.Sample\Xamarin.Forms.Toolkit.Sample.iOS\Xamarin.Forms.Toolkit.Sample.iOS.csproj", "{01F109BC-DE1D-459B-B797-5D16EBE0621D}"
EndProject
Project("{FAE04EC0-301F-11D3-BF4B-00C04F79EFBC}") = "Xamarin.Forms.Toolkit.Sample.Android", "Xamarin.Forms.Toolkit.Sample\Xamarin.Forms.Toolkit.Sample.Android\Xamarin.Forms.Toolkit.Sample.Android.csproj", "{70C18BA9-C5F5-421E-A9A8-D8BD8B2117EB}"
EndProject
Project("{FAE04EC0-301F-11D3-BF4B-00C04F79EFBC}") = "Xamarin.Forms.Toolkit.WP", "Xamarin.Forms.Toolkit.WP\Xamarin.Forms.Toolkit.WP.csproj", "{9E9DB2FF-3280-489D-9975-E9CDDFF5CAC8}"
EndProject
Project("{FAE04EC0-301F-11D3-BF4B-00C04F79EFBC}") = "Xamarin.Forms.Toolkit.Sample.WP", "Xamarin.Forms.Toolkit.Sample.WP\Xamarin.Forms.Toolkit.Sample.WP.csproj", "{FEA50C28-D5E6-4D38-897D-359B44B4C1DA}"
EndProject
Project("{2150E333-8FDC-42A3-9474-1A3956D46DE8}") = "src", "src", "{00869A69-D15A-4B39-8C3D-8E191699A8BD}"
EndProject
Global
	GlobalSection(SolutionConfigurationPlatforms) = preSolution
		Ad-Hoc|Any CPU = Ad-Hoc|Any CPU
		Ad-Hoc|ARM = Ad-Hoc|ARM
		Ad-Hoc|iPhone = Ad-Hoc|iPhone
		Ad-Hoc|iPhoneSimulator = Ad-Hoc|iPhoneSimulator
		Ad-Hoc|Mixed Platforms = Ad-Hoc|Mixed Platforms
		Ad-Hoc|x86 = Ad-Hoc|x86
		AppStore|Any CPU = AppStore|Any CPU
		AppStore|ARM = AppStore|ARM
		AppStore|iPhone = AppStore|iPhone
		AppStore|iPhoneSimulator = AppStore|iPhoneSimulator
		AppStore|Mixed Platforms = AppStore|Mixed Platforms
		AppStore|x86 = AppStore|x86
		Debug|Any CPU = Debug|Any CPU
		Debug|ARM = Debug|ARM
		Debug|iPhone = Debug|iPhone
		Debug|iPhoneSimulator = Debug|iPhoneSimulator
		Debug|Mixed Platforms = Debug|Mixed Platforms
		Debug|x86 = Debug|x86
		Release|Any CPU = Release|Any CPU
		Release|ARM = Release|ARM
		Release|iPhone = Release|iPhone
		Release|iPhoneSimulator = Release|iPhoneSimulator
		Release|Mixed Platforms = Release|Mixed Platforms
		Release|x86 = Release|x86
	EndGlobalSection
	GlobalSection(ProjectConfigurationPlatforms) = postSolution
		{67F9D3A8-F71E-4428-913F-C37AE82CDB24}.Ad-Hoc|Any CPU.ActiveCfg = Release|Any CPU
		{67F9D3A8-F71E-4428-913F-C37AE82CDB24}.Ad-Hoc|Any CPU.Build.0 = Release|Any CPU
		{67F9D3A8-F71E-4428-913F-C37AE82CDB24}.Ad-Hoc|ARM.ActiveCfg = Release|Any CPU
		{67F9D3A8-F71E-4428-913F-C37AE82CDB24}.Ad-Hoc|iPhone.ActiveCfg = Release|Any CPU
		{67F9D3A8-F71E-4428-913F-C37AE82CDB24}.Ad-Hoc|iPhoneSimulator.ActiveCfg = Release|Any CPU
		{67F9D3A8-F71E-4428-913F-C37AE82CDB24}.Ad-Hoc|Mixed Platforms.ActiveCfg = Release|Any CPU
		{67F9D3A8-F71E-4428-913F-C37AE82CDB24}.Ad-Hoc|Mixed Platforms.Build.0 = Release|Any CPU
		{67F9D3A8-F71E-4428-913F-C37AE82CDB24}.Ad-Hoc|x86.ActiveCfg = Release|Any CPU
		{67F9D3A8-F71E-4428-913F-C37AE82CDB24}.AppStore|Any CPU.ActiveCfg = Release|Any CPU
		{67F9D3A8-F71E-4428-913F-C37AE82CDB24}.AppStore|Any CPU.Build.0 = Release|Any CPU
		{67F9D3A8-F71E-4428-913F-C37AE82CDB24}.AppStore|ARM.ActiveCfg = Release|Any CPU
		{67F9D3A8-F71E-4428-913F-C37AE82CDB24}.AppStore|iPhone.ActiveCfg = Release|Any CPU
		{67F9D3A8-F71E-4428-913F-C37AE82CDB24}.AppStore|iPhoneSimulator.ActiveCfg = Release|Any CPU
		{67F9D3A8-F71E-4428-913F-C37AE82CDB24}.AppStore|Mixed Platforms.ActiveCfg = Release|Any CPU
		{67F9D3A8-F71E-4428-913F-C37AE82CDB24}.AppStore|Mixed Platforms.Build.0 = Release|Any CPU
		{67F9D3A8-F71E-4428-913F-C37AE82CDB24}.AppStore|x86.ActiveCfg = Release|Any CPU
		{67F9D3A8-F71E-4428-913F-C37AE82CDB24}.Debug|Any CPU.ActiveCfg = Debug|Any CPU
		{67F9D3A8-F71E-4428-913F-C37AE82CDB24}.Debug|Any CPU.Build.0 = Debug|Any CPU
		{67F9D3A8-F71E-4428-913F-C37AE82CDB24}.Debug|ARM.ActiveCfg = Debug|Any CPU
		{67F9D3A8-F71E-4428-913F-C37AE82CDB24}.Debug|iPhone.ActiveCfg = Debug|Any CPU
		{67F9D3A8-F71E-4428-913F-C37AE82CDB24}.Debug|iPhoneSimulator.ActiveCfg = Debug|Any CPU
		{67F9D3A8-F71E-4428-913F-C37AE82CDB24}.Debug|Mixed Platforms.ActiveCfg = Debug|Any CPU
		{67F9D3A8-F71E-4428-913F-C37AE82CDB24}.Debug|Mixed Platforms.Build.0 = Debug|Any CPU
		{67F9D3A8-F71E-4428-913F-C37AE82CDB24}.Debug|x86.ActiveCfg = Debug|Any CPU
		{67F9D3A8-F71E-4428-913F-C37AE82CDB24}.Release|Any CPU.ActiveCfg = Release|Any CPU
		{67F9D3A8-F71E-4428-913F-C37AE82CDB24}.Release|Any CPU.Build.0 = Release|Any CPU
		{67F9D3A8-F71E-4428-913F-C37AE82CDB24}.Release|ARM.ActiveCfg = Release|Any CPU
		{67F9D3A8-F71E-4428-913F-C37AE82CDB24}.Release|iPhone.ActiveCfg = Release|Any CPU
		{67F9D3A8-F71E-4428-913F-C37AE82CDB24}.Release|iPhoneSimulator.ActiveCfg = Release|Any CPU
		{67F9D3A8-F71E-4428-913F-C37AE82CDB24}.Release|Mixed Platforms.ActiveCfg = Release|Any CPU
		{67F9D3A8-F71E-4428-913F-C37AE82CDB24}.Release|Mixed Platforms.Build.0 = Release|Any CPU
		{67F9D3A8-F71E-4428-913F-C37AE82CDB24}.Release|x86.ActiveCfg = Release|Any CPU
		{BDDCE0E6-F0FD-463A-A7E9-36699A29682F}.Ad-Hoc|Any CPU.ActiveCfg = Release|Any CPU
		{BDDCE0E6-F0FD-463A-A7E9-36699A29682F}.Ad-Hoc|Any CPU.Build.0 = Release|Any CPU
		{BDDCE0E6-F0FD-463A-A7E9-36699A29682F}.Ad-Hoc|ARM.ActiveCfg = Release|Any CPU
		{BDDCE0E6-F0FD-463A-A7E9-36699A29682F}.Ad-Hoc|iPhone.ActiveCfg = Release|Any CPU
		{BDDCE0E6-F0FD-463A-A7E9-36699A29682F}.Ad-Hoc|iPhoneSimulator.ActiveCfg = Release|Any CPU
		{BDDCE0E6-F0FD-463A-A7E9-36699A29682F}.Ad-Hoc|Mixed Platforms.ActiveCfg = Release|Any CPU
		{BDDCE0E6-F0FD-463A-A7E9-36699A29682F}.Ad-Hoc|Mixed Platforms.Build.0 = Release|Any CPU
		{BDDCE0E6-F0FD-463A-A7E9-36699A29682F}.Ad-Hoc|x86.ActiveCfg = Release|Any CPU
		{BDDCE0E6-F0FD-463A-A7E9-36699A29682F}.AppStore|Any CPU.ActiveCfg = Release|Any CPU
		{BDDCE0E6-F0FD-463A-A7E9-36699A29682F}.AppStore|Any CPU.Build.0 = Release|Any CPU
		{BDDCE0E6-F0FD-463A-A7E9-36699A29682F}.AppStore|ARM.ActiveCfg = Release|Any CPU
		{BDDCE0E6-F0FD-463A-A7E9-36699A29682F}.AppStore|iPhone.ActiveCfg = Release|Any CPU
		{BDDCE0E6-F0FD-463A-A7E9-36699A29682F}.AppStore|iPhoneSimulator.ActiveCfg = Release|Any CPU
		{BDDCE0E6-F0FD-463A-A7E9-36699A29682F}.AppStore|Mixed Platforms.ActiveCfg = Release|Any CPU
		{BDDCE0E6-F0FD-463A-A7E9-36699A29682F}.AppStore|Mixed Platforms.Build.0 = Release|Any CPU
		{BDDCE0E6-F0FD-463A-A7E9-36699A29682F}.AppStore|x86.ActiveCfg = Release|Any CPU
		{BDDCE0E6-F0FD-463A-A7E9-36699A29682F}.Debug|Any CPU.ActiveCfg = Debug|Any CPU
		{BDDCE0E6-F0FD-463A-A7E9-36699A29682F}.Debug|Any CPU.Build.0 = Debug|Any CPU
		{BDDCE0E6-F0FD-463A-A7E9-36699A29682F}.Debug|ARM.ActiveCfg = Debug|Any CPU
		{BDDCE0E6-F0FD-463A-A7E9-36699A29682F}.Debug|iPhone.ActiveCfg = Debug|Any CPU
		{BDDCE0E6-F0FD-463A-A7E9-36699A29682F}.Debug|iPhoneSimulator.ActiveCfg = Debug|Any CPU
		{BDDCE0E6-F0FD-463A-A7E9-36699A29682F}.Debug|Mixed Platforms.ActiveCfg = Debug|Any CPU
		{BDDCE0E6-F0FD-463A-A7E9-36699A29682F}.Debug|Mixed Platforms.Build.0 = Debug|Any CPU
		{BDDCE0E6-F0FD-463A-A7E9-36699A29682F}.Debug|x86.ActiveCfg = Debug|Any CPU
		{BDDCE0E6-F0FD-463A-A7E9-36699A29682F}.Release|Any CPU.ActiveCfg = Release|Any CPU
		{BDDCE0E6-F0FD-463A-A7E9-36699A29682F}.Release|Any CPU.Build.0 = Release|Any CPU
		{BDDCE0E6-F0FD-463A-A7E9-36699A29682F}.Release|ARM.ActiveCfg = Release|Any CPU
		{BDDCE0E6-F0FD-463A-A7E9-36699A29682F}.Release|iPhone.ActiveCfg = Release|Any CPU
		{BDDCE0E6-F0FD-463A-A7E9-36699A29682F}.Release|iPhoneSimulator.ActiveCfg = Release|Any CPU
		{BDDCE0E6-F0FD-463A-A7E9-36699A29682F}.Release|Mixed Platforms.ActiveCfg = Release|Any CPU
		{BDDCE0E6-F0FD-463A-A7E9-36699A29682F}.Release|Mixed Platforms.Build.0 = Release|Any CPU
		{BDDCE0E6-F0FD-463A-A7E9-36699A29682F}.Release|x86.ActiveCfg = Release|Any CPU
		{E8713DEA-5C9A-4124-B56E-02D9DE3EC33E}.Ad-Hoc|Any CPU.ActiveCfg = Release|Any CPU
		{E8713DEA-5C9A-4124-B56E-02D9DE3EC33E}.Ad-Hoc|Any CPU.Build.0 = Release|Any CPU
		{E8713DEA-5C9A-4124-B56E-02D9DE3EC33E}.Ad-Hoc|ARM.ActiveCfg = Release|Any CPU
		{E8713DEA-5C9A-4124-B56E-02D9DE3EC33E}.Ad-Hoc|iPhone.ActiveCfg = Release|Any CPU
		{E8713DEA-5C9A-4124-B56E-02D9DE3EC33E}.Ad-Hoc|iPhoneSimulator.ActiveCfg = Release|Any CPU
		{E8713DEA-5C9A-4124-B56E-02D9DE3EC33E}.Ad-Hoc|Mixed Platforms.ActiveCfg = Release|Any CPU
		{E8713DEA-5C9A-4124-B56E-02D9DE3EC33E}.Ad-Hoc|Mixed Platforms.Build.0 = Release|Any CPU
		{E8713DEA-5C9A-4124-B56E-02D9DE3EC33E}.Ad-Hoc|x86.ActiveCfg = Release|Any CPU
		{E8713DEA-5C9A-4124-B56E-02D9DE3EC33E}.AppStore|Any CPU.ActiveCfg = Release|Any CPU
		{E8713DEA-5C9A-4124-B56E-02D9DE3EC33E}.AppStore|Any CPU.Build.0 = Release|Any CPU
		{E8713DEA-5C9A-4124-B56E-02D9DE3EC33E}.AppStore|ARM.ActiveCfg = Release|Any CPU
		{E8713DEA-5C9A-4124-B56E-02D9DE3EC33E}.AppStore|iPhone.ActiveCfg = Release|Any CPU
		{E8713DEA-5C9A-4124-B56E-02D9DE3EC33E}.AppStore|iPhoneSimulator.ActiveCfg = Release|Any CPU
		{E8713DEA-5C9A-4124-B56E-02D9DE3EC33E}.AppStore|Mixed Platforms.ActiveCfg = Release|Any CPU
		{E8713DEA-5C9A-4124-B56E-02D9DE3EC33E}.AppStore|Mixed Platforms.Build.0 = Release|Any CPU
		{E8713DEA-5C9A-4124-B56E-02D9DE3EC33E}.AppStore|x86.ActiveCfg = Release|Any CPU
		{E8713DEA-5C9A-4124-B56E-02D9DE3EC33E}.Debug|Any CPU.ActiveCfg = Debug|Any CPU
		{E8713DEA-5C9A-4124-B56E-02D9DE3EC33E}.Debug|Any CPU.Build.0 = Debug|Any CPU
		{E8713DEA-5C9A-4124-B56E-02D9DE3EC33E}.Debug|ARM.ActiveCfg = Debug|Any CPU
		{E8713DEA-5C9A-4124-B56E-02D9DE3EC33E}.Debug|iPhone.ActiveCfg = Debug|Any CPU
		{E8713DEA-5C9A-4124-B56E-02D9DE3EC33E}.Debug|iPhoneSimulator.ActiveCfg = Debug|Any CPU
		{E8713DEA-5C9A-4124-B56E-02D9DE3EC33E}.Debug|Mixed Platforms.ActiveCfg = Debug|Any CPU
		{E8713DEA-5C9A-4124-B56E-02D9DE3EC33E}.Debug|Mixed Platforms.Build.0 = Debug|Any CPU
		{E8713DEA-5C9A-4124-B56E-02D9DE3EC33E}.Debug|x86.ActiveCfg = Debug|Any CPU
		{E8713DEA-5C9A-4124-B56E-02D9DE3EC33E}.Release|Any CPU.ActiveCfg = Release|Any CPU
		{E8713DEA-5C9A-4124-B56E-02D9DE3EC33E}.Release|Any CPU.Build.0 = Release|Any CPU
		{E8713DEA-5C9A-4124-B56E-02D9DE3EC33E}.Release|ARM.ActiveCfg = Release|Any CPU
		{E8713DEA-5C9A-4124-B56E-02D9DE3EC33E}.Release|iPhone.ActiveCfg = Release|Any CPU
		{E8713DEA-5C9A-4124-B56E-02D9DE3EC33E}.Release|iPhoneSimulator.ActiveCfg = Release|Any CPU
		{E8713DEA-5C9A-4124-B56E-02D9DE3EC33E}.Release|Mixed Platforms.ActiveCfg = Release|Any CPU
		{E8713DEA-5C9A-4124-B56E-02D9DE3EC33E}.Release|Mixed Platforms.Build.0 = Release|Any CPU
		{E8713DEA-5C9A-4124-B56E-02D9DE3EC33E}.Release|x86.ActiveCfg = Release|Any CPU
		{3A377BEA-6A48-42D3-B80C-833DAE4C552B}.Ad-Hoc|Any CPU.ActiveCfg = Release|Any CPU
		{3A377BEA-6A48-42D3-B80C-833DAE4C552B}.Ad-Hoc|Any CPU.Build.0 = Release|Any CPU
		{3A377BEA-6A48-42D3-B80C-833DAE4C552B}.Ad-Hoc|ARM.ActiveCfg = Release|Any CPU
		{3A377BEA-6A48-42D3-B80C-833DAE4C552B}.Ad-Hoc|iPhone.ActiveCfg = Release|Any CPU
		{3A377BEA-6A48-42D3-B80C-833DAE4C552B}.Ad-Hoc|iPhoneSimulator.ActiveCfg = Release|Any CPU
		{3A377BEA-6A48-42D3-B80C-833DAE4C552B}.Ad-Hoc|Mixed Platforms.ActiveCfg = Release|Any CPU
		{3A377BEA-6A48-42D3-B80C-833DAE4C552B}.Ad-Hoc|Mixed Platforms.Build.0 = Release|Any CPU
		{3A377BEA-6A48-42D3-B80C-833DAE4C552B}.Ad-Hoc|x86.ActiveCfg = Release|Any CPU
		{3A377BEA-6A48-42D3-B80C-833DAE4C552B}.AppStore|Any CPU.ActiveCfg = Release|Any CPU
		{3A377BEA-6A48-42D3-B80C-833DAE4C552B}.AppStore|Any CPU.Build.0 = Release|Any CPU
		{3A377BEA-6A48-42D3-B80C-833DAE4C552B}.AppStore|ARM.ActiveCfg = Release|Any CPU
		{3A377BEA-6A48-42D3-B80C-833DAE4C552B}.AppStore|iPhone.ActiveCfg = Release|Any CPU
		{3A377BEA-6A48-42D3-B80C-833DAE4C552B}.AppStore|iPhoneSimulator.ActiveCfg = Release|Any CPU
		{3A377BEA-6A48-42D3-B80C-833DAE4C552B}.AppStore|Mixed Platforms.ActiveCfg = Release|Any CPU
		{3A377BEA-6A48-42D3-B80C-833DAE4C552B}.AppStore|Mixed Platforms.Build.0 = Release|Any CPU
		{3A377BEA-6A48-42D3-B80C-833DAE4C552B}.AppStore|x86.ActiveCfg = Release|Any CPU
		{3A377BEA-6A48-42D3-B80C-833DAE4C552B}.Debug|Any CPU.ActiveCfg = Debug|Any CPU
		{3A377BEA-6A48-42D3-B80C-833DAE4C552B}.Debug|Any CPU.Build.0 = Debug|Any CPU
		{3A377BEA-6A48-42D3-B80C-833DAE4C552B}.Debug|ARM.ActiveCfg = Debug|Any CPU
		{3A377BEA-6A48-42D3-B80C-833DAE4C552B}.Debug|iPhone.ActiveCfg = Debug|Any CPU
		{3A377BEA-6A48-42D3-B80C-833DAE4C552B}.Debug|iPhoneSimulator.ActiveCfg = Debug|Any CPU
		{3A377BEA-6A48-42D3-B80C-833DAE4C552B}.Debug|Mixed Platforms.ActiveCfg = Debug|Any CPU
		{3A377BEA-6A48-42D3-B80C-833DAE4C552B}.Debug|Mixed Platforms.Build.0 = Debug|Any CPU
		{3A377BEA-6A48-42D3-B80C-833DAE4C552B}.Debug|x86.ActiveCfg = Debug|Any CPU
		{3A377BEA-6A48-42D3-B80C-833DAE4C552B}.Release|Any CPU.ActiveCfg = Release|Any CPU
		{3A377BEA-6A48-42D3-B80C-833DAE4C552B}.Release|Any CPU.Build.0 = Release|Any CPU
		{3A377BEA-6A48-42D3-B80C-833DAE4C552B}.Release|ARM.ActiveCfg = Release|Any CPU
		{3A377BEA-6A48-42D3-B80C-833DAE4C552B}.Release|iPhone.ActiveCfg = Release|Any CPU
		{3A377BEA-6A48-42D3-B80C-833DAE4C552B}.Release|iPhoneSimulator.ActiveCfg = Release|Any CPU
		{3A377BEA-6A48-42D3-B80C-833DAE4C552B}.Release|Mixed Platforms.ActiveCfg = Release|Any CPU
		{3A377BEA-6A48-42D3-B80C-833DAE4C552B}.Release|Mixed Platforms.Build.0 = Release|Any CPU
		{3A377BEA-6A48-42D3-B80C-833DAE4C552B}.Release|x86.ActiveCfg = Release|Any CPU
		{01F109BC-DE1D-459B-B797-5D16EBE0621D}.Ad-Hoc|Any CPU.ActiveCfg = Ad-Hoc|iPhone
		{01F109BC-DE1D-459B-B797-5D16EBE0621D}.Ad-Hoc|ARM.ActiveCfg = Ad-Hoc|iPhone
		{01F109BC-DE1D-459B-B797-5D16EBE0621D}.Ad-Hoc|iPhone.ActiveCfg = Ad-Hoc|iPhone
		{01F109BC-DE1D-459B-B797-5D16EBE0621D}.Ad-Hoc|iPhone.Build.0 = Ad-Hoc|iPhone
		{01F109BC-DE1D-459B-B797-5D16EBE0621D}.Ad-Hoc|iPhone.Deploy.0 = Ad-Hoc|iPhone
		{01F109BC-DE1D-459B-B797-5D16EBE0621D}.Ad-Hoc|iPhoneSimulator.ActiveCfg = Ad-Hoc|iPhoneSimulator
		{01F109BC-DE1D-459B-B797-5D16EBE0621D}.Ad-Hoc|iPhoneSimulator.Build.0 = Ad-Hoc|iPhoneSimulator
		{01F109BC-DE1D-459B-B797-5D16EBE0621D}.Ad-Hoc|iPhoneSimulator.Deploy.0 = Ad-Hoc|iPhoneSimulator
		{01F109BC-DE1D-459B-B797-5D16EBE0621D}.Ad-Hoc|Mixed Platforms.ActiveCfg = Ad-Hoc|iPhone
		{01F109BC-DE1D-459B-B797-5D16EBE0621D}.Ad-Hoc|Mixed Platforms.Build.0 = Ad-Hoc|iPhone
		{01F109BC-DE1D-459B-B797-5D16EBE0621D}.Ad-Hoc|Mixed Platforms.Deploy.0 = Ad-Hoc|iPhone
		{01F109BC-DE1D-459B-B797-5D16EBE0621D}.Ad-Hoc|x86.ActiveCfg = Ad-Hoc|iPhone
		{01F109BC-DE1D-459B-B797-5D16EBE0621D}.AppStore|Any CPU.ActiveCfg = AppStore|iPhone
		{01F109BC-DE1D-459B-B797-5D16EBE0621D}.AppStore|ARM.ActiveCfg = AppStore|iPhone
		{01F109BC-DE1D-459B-B797-5D16EBE0621D}.AppStore|iPhone.ActiveCfg = AppStore|iPhone
		{01F109BC-DE1D-459B-B797-5D16EBE0621D}.AppStore|iPhone.Build.0 = AppStore|iPhone
		{01F109BC-DE1D-459B-B797-5D16EBE0621D}.AppStore|iPhone.Deploy.0 = AppStore|iPhone
		{01F109BC-DE1D-459B-B797-5D16EBE0621D}.AppStore|iPhoneSimulator.ActiveCfg = AppStore|iPhoneSimulator
		{01F109BC-DE1D-459B-B797-5D16EBE0621D}.AppStore|iPhoneSimulator.Build.0 = AppStore|iPhoneSimulator
		{01F109BC-DE1D-459B-B797-5D16EBE0621D}.AppStore|iPhoneSimulator.Deploy.0 = AppStore|iPhoneSimulator
		{01F109BC-DE1D-459B-B797-5D16EBE0621D}.AppStore|Mixed Platforms.ActiveCfg = AppStore|iPhone
		{01F109BC-DE1D-459B-B797-5D16EBE0621D}.AppStore|Mixed Platforms.Build.0 = AppStore|iPhone
		{01F109BC-DE1D-459B-B797-5D16EBE0621D}.AppStore|Mixed Platforms.Deploy.0 = AppStore|iPhone
		{01F109BC-DE1D-459B-B797-5D16EBE0621D}.AppStore|x86.ActiveCfg = AppStore|iPhone
		{01F109BC-DE1D-459B-B797-5D16EBE0621D}.Debug|Any CPU.ActiveCfg = Debug|iPhone
		{01F109BC-DE1D-459B-B797-5D16EBE0621D}.Debug|ARM.ActiveCfg = Debug|iPhone
		{01F109BC-DE1D-459B-B797-5D16EBE0621D}.Debug|iPhone.ActiveCfg = Debug|iPhone
		{01F109BC-DE1D-459B-B797-5D16EBE0621D}.Debug|iPhone.Build.0 = Debug|iPhone
		{01F109BC-DE1D-459B-B797-5D16EBE0621D}.Debug|iPhone.Deploy.0 = Debug|iPhone
		{01F109BC-DE1D-459B-B797-5D16EBE0621D}.Debug|iPhoneSimulator.ActiveCfg = Debug|iPhoneSimulator
		{01F109BC-DE1D-459B-B797-5D16EBE0621D}.Debug|iPhoneSimulator.Build.0 = Debug|iPhoneSimulator
		{01F109BC-DE1D-459B-B797-5D16EBE0621D}.Debug|iPhoneSimulator.Deploy.0 = Debug|iPhoneSimulator
		{01F109BC-DE1D-459B-B797-5D16EBE0621D}.Debug|Mixed Platforms.ActiveCfg = Debug|iPhone
		{01F109BC-DE1D-459B-B797-5D16EBE0621D}.Debug|Mixed Platforms.Build.0 = Debug|iPhone
		{01F109BC-DE1D-459B-B797-5D16EBE0621D}.Debug|Mixed Platforms.Deploy.0 = Debug|iPhone
		{01F109BC-DE1D-459B-B797-5D16EBE0621D}.Debug|x86.ActiveCfg = Debug|iPhone
		{01F109BC-DE1D-459B-B797-5D16EBE0621D}.Release|Any CPU.ActiveCfg = Release|iPhone
		{01F109BC-DE1D-459B-B797-5D16EBE0621D}.Release|ARM.ActiveCfg = Release|iPhone
		{01F109BC-DE1D-459B-B797-5D16EBE0621D}.Release|iPhone.ActiveCfg = Release|iPhone
		{01F109BC-DE1D-459B-B797-5D16EBE0621D}.Release|iPhone.Build.0 = Release|iPhone
		{01F109BC-DE1D-459B-B797-5D16EBE0621D}.Release|iPhone.Deploy.0 = Release|iPhone
		{01F109BC-DE1D-459B-B797-5D16EBE0621D}.Release|iPhoneSimulator.ActiveCfg = Release|iPhoneSimulator
		{01F109BC-DE1D-459B-B797-5D16EBE0621D}.Release|iPhoneSimulator.Build.0 = Release|iPhoneSimulator
		{01F109BC-DE1D-459B-B797-5D16EBE0621D}.Release|iPhoneSimulator.Deploy.0 = Release|iPhoneSimulator
		{01F109BC-DE1D-459B-B797-5D16EBE0621D}.Release|Mixed Platforms.ActiveCfg = Release|iPhone
		{01F109BC-DE1D-459B-B797-5D16EBE0621D}.Release|Mixed Platforms.Build.0 = Release|iPhone
		{01F109BC-DE1D-459B-B797-5D16EBE0621D}.Release|Mixed Platforms.Deploy.0 = Release|iPhone
		{01F109BC-DE1D-459B-B797-5D16EBE0621D}.Release|x86.ActiveCfg = Release|iPhone
		{70C18BA9-C5F5-421E-A9A8-D8BD8B2117EB}.Ad-Hoc|Any CPU.ActiveCfg = Release|Any CPU
		{70C18BA9-C5F5-421E-A9A8-D8BD8B2117EB}.Ad-Hoc|Any CPU.Build.0 = Release|Any CPU
		{70C18BA9-C5F5-421E-A9A8-D8BD8B2117EB}.Ad-Hoc|Any CPU.Deploy.0 = Release|Any CPU
		{70C18BA9-C5F5-421E-A9A8-D8BD8B2117EB}.Ad-Hoc|ARM.ActiveCfg = Release|Any CPU
		{70C18BA9-C5F5-421E-A9A8-D8BD8B2117EB}.Ad-Hoc|iPhone.ActiveCfg = Release|Any CPU
		{70C18BA9-C5F5-421E-A9A8-D8BD8B2117EB}.Ad-Hoc|iPhoneSimulator.ActiveCfg = Release|Any CPU
		{70C18BA9-C5F5-421E-A9A8-D8BD8B2117EB}.Ad-Hoc|Mixed Platforms.ActiveCfg = Release|Any CPU
		{70C18BA9-C5F5-421E-A9A8-D8BD8B2117EB}.Ad-Hoc|Mixed Platforms.Build.0 = Release|Any CPU
		{70C18BA9-C5F5-421E-A9A8-D8BD8B2117EB}.Ad-Hoc|Mixed Platforms.Deploy.0 = Release|Any CPU
		{70C18BA9-C5F5-421E-A9A8-D8BD8B2117EB}.Ad-Hoc|x86.ActiveCfg = Release|Any CPU
		{70C18BA9-C5F5-421E-A9A8-D8BD8B2117EB}.AppStore|Any CPU.ActiveCfg = Release|Any CPU
		{70C18BA9-C5F5-421E-A9A8-D8BD8B2117EB}.AppStore|Any CPU.Build.0 = Release|Any CPU
		{70C18BA9-C5F5-421E-A9A8-D8BD8B2117EB}.AppStore|Any CPU.Deploy.0 = Release|Any CPU
		{70C18BA9-C5F5-421E-A9A8-D8BD8B2117EB}.AppStore|ARM.ActiveCfg = Release|Any CPU
		{70C18BA9-C5F5-421E-A9A8-D8BD8B2117EB}.AppStore|iPhone.ActiveCfg = Release|Any CPU
		{70C18BA9-C5F5-421E-A9A8-D8BD8B2117EB}.AppStore|iPhoneSimulator.ActiveCfg = Release|Any CPU
		{70C18BA9-C5F5-421E-A9A8-D8BD8B2117EB}.AppStore|Mixed Platforms.ActiveCfg = Release|Any CPU
		{70C18BA9-C5F5-421E-A9A8-D8BD8B2117EB}.AppStore|Mixed Platforms.Build.0 = Release|Any CPU
		{70C18BA9-C5F5-421E-A9A8-D8BD8B2117EB}.AppStore|Mixed Platforms.Deploy.0 = Release|Any CPU
		{70C18BA9-C5F5-421E-A9A8-D8BD8B2117EB}.AppStore|x86.ActiveCfg = Release|Any CPU
		{70C18BA9-C5F5-421E-A9A8-D8BD8B2117EB}.Debug|Any CPU.ActiveCfg = Debug|Any CPU
		{70C18BA9-C5F5-421E-A9A8-D8BD8B2117EB}.Debug|Any CPU.Build.0 = Debug|Any CPU
		{70C18BA9-C5F5-421E-A9A8-D8BD8B2117EB}.Debug|Any CPU.Deploy.0 = Debug|Any CPU
		{70C18BA9-C5F5-421E-A9A8-D8BD8B2117EB}.Debug|ARM.ActiveCfg = Debug|Any CPU
		{70C18BA9-C5F5-421E-A9A8-D8BD8B2117EB}.Debug|iPhone.ActiveCfg = Debug|Any CPU
		{70C18BA9-C5F5-421E-A9A8-D8BD8B2117EB}.Debug|iPhoneSimulator.ActiveCfg = Debug|Any CPU
		{70C18BA9-C5F5-421E-A9A8-D8BD8B2117EB}.Debug|Mixed Platforms.ActiveCfg = Debug|Any CPU
		{70C18BA9-C5F5-421E-A9A8-D8BD8B2117EB}.Debug|Mixed Platforms.Build.0 = Debug|Any CPU
		{70C18BA9-C5F5-421E-A9A8-D8BD8B2117EB}.Debug|Mixed Platforms.Deploy.0 = Debug|Any CPU
		{70C18BA9-C5F5-421E-A9A8-D8BD8B2117EB}.Debug|x86.ActiveCfg = Debug|Any CPU
		{70C18BA9-C5F5-421E-A9A8-D8BD8B2117EB}.Release|Any CPU.ActiveCfg = Release|Any CPU
		{70C18BA9-C5F5-421E-A9A8-D8BD8B2117EB}.Release|Any CPU.Build.0 = Release|Any CPU
		{70C18BA9-C5F5-421E-A9A8-D8BD8B2117EB}.Release|Any CPU.Deploy.0 = Release|Any CPU
		{70C18BA9-C5F5-421E-A9A8-D8BD8B2117EB}.Release|ARM.ActiveCfg = Release|Any CPU
		{70C18BA9-C5F5-421E-A9A8-D8BD8B2117EB}.Release|iPhone.ActiveCfg = Release|Any CPU
		{70C18BA9-C5F5-421E-A9A8-D8BD8B2117EB}.Release|iPhoneSimulator.ActiveCfg = Release|Any CPU
		{70C18BA9-C5F5-421E-A9A8-D8BD8B2117EB}.Release|Mixed Platforms.ActiveCfg = Release|Any CPU
		{70C18BA9-C5F5-421E-A9A8-D8BD8B2117EB}.Release|Mixed Platforms.Build.0 = Release|Any CPU
		{70C18BA9-C5F5-421E-A9A8-D8BD8B2117EB}.Release|Mixed Platforms.Deploy.0 = Release|Any CPU
		{70C18BA9-C5F5-421E-A9A8-D8BD8B2117EB}.Release|x86.ActiveCfg = Release|Any CPU
		{9E9DB2FF-3280-489D-9975-E9CDDFF5CAC8}.Ad-Hoc|Any CPU.ActiveCfg = Release|Any CPU
		{9E9DB2FF-3280-489D-9975-E9CDDFF5CAC8}.Ad-Hoc|Any CPU.Build.0 = Release|Any CPU
		{9E9DB2FF-3280-489D-9975-E9CDDFF5CAC8}.Ad-Hoc|ARM.ActiveCfg = Release|ARM
		{9E9DB2FF-3280-489D-9975-E9CDDFF5CAC8}.Ad-Hoc|ARM.Build.0 = Release|ARM
		{9E9DB2FF-3280-489D-9975-E9CDDFF5CAC8}.Ad-Hoc|iPhone.ActiveCfg = Release|Any CPU
		{9E9DB2FF-3280-489D-9975-E9CDDFF5CAC8}.Ad-Hoc|iPhoneSimulator.ActiveCfg = Release|Any CPU
		{9E9DB2FF-3280-489D-9975-E9CDDFF5CAC8}.Ad-Hoc|Mixed Platforms.ActiveCfg = Release|x86
		{9E9DB2FF-3280-489D-9975-E9CDDFF5CAC8}.Ad-Hoc|Mixed Platforms.Build.0 = Release|x86
		{9E9DB2FF-3280-489D-9975-E9CDDFF5CAC8}.Ad-Hoc|x86.ActiveCfg = Release|x86
		{9E9DB2FF-3280-489D-9975-E9CDDFF5CAC8}.Ad-Hoc|x86.Build.0 = Release|x86
		{9E9DB2FF-3280-489D-9975-E9CDDFF5CAC8}.AppStore|Any CPU.ActiveCfg = Release|Any CPU
		{9E9DB2FF-3280-489D-9975-E9CDDFF5CAC8}.AppStore|Any CPU.Build.0 = Release|Any CPU
		{9E9DB2FF-3280-489D-9975-E9CDDFF5CAC8}.AppStore|ARM.ActiveCfg = Release|ARM
		{9E9DB2FF-3280-489D-9975-E9CDDFF5CAC8}.AppStore|ARM.Build.0 = Release|ARM
		{9E9DB2FF-3280-489D-9975-E9CDDFF5CAC8}.AppStore|iPhone.ActiveCfg = Release|Any CPU
		{9E9DB2FF-3280-489D-9975-E9CDDFF5CAC8}.AppStore|iPhoneSimulator.ActiveCfg = Release|Any CPU
		{9E9DB2FF-3280-489D-9975-E9CDDFF5CAC8}.AppStore|Mixed Platforms.ActiveCfg = Release|x86
		{9E9DB2FF-3280-489D-9975-E9CDDFF5CAC8}.AppStore|Mixed Platforms.Build.0 = Release|x86
		{9E9DB2FF-3280-489D-9975-E9CDDFF5CAC8}.AppStore|x86.ActiveCfg = Release|x86
		{9E9DB2FF-3280-489D-9975-E9CDDFF5CAC8}.AppStore|x86.Build.0 = Release|x86
		{9E9DB2FF-3280-489D-9975-E9CDDFF5CAC8}.Debug|Any CPU.ActiveCfg = Debug|Any CPU
		{9E9DB2FF-3280-489D-9975-E9CDDFF5CAC8}.Debug|Any CPU.Build.0 = Debug|Any CPU
		{9E9DB2FF-3280-489D-9975-E9CDDFF5CAC8}.Debug|ARM.ActiveCfg = Debug|ARM
		{9E9DB2FF-3280-489D-9975-E9CDDFF5CAC8}.Debug|ARM.Build.0 = Debug|ARM
		{9E9DB2FF-3280-489D-9975-E9CDDFF5CAC8}.Debug|iPhone.ActiveCfg = Debug|Any CPU
		{9E9DB2FF-3280-489D-9975-E9CDDFF5CAC8}.Debug|iPhoneSimulator.ActiveCfg = Debug|Any CPU
		{9E9DB2FF-3280-489D-9975-E9CDDFF5CAC8}.Debug|Mixed Platforms.ActiveCfg = Debug|x86
		{9E9DB2FF-3280-489D-9975-E9CDDFF5CAC8}.Debug|Mixed Platforms.Build.0 = Debug|x86
		{9E9DB2FF-3280-489D-9975-E9CDDFF5CAC8}.Debug|x86.ActiveCfg = Debug|x86
		{9E9DB2FF-3280-489D-9975-E9CDDFF5CAC8}.Debug|x86.Build.0 = Debug|x86
		{9E9DB2FF-3280-489D-9975-E9CDDFF5CAC8}.Release|Any CPU.ActiveCfg = Release|Any CPU
		{9E9DB2FF-3280-489D-9975-E9CDDFF5CAC8}.Release|Any CPU.Build.0 = Release|Any CPU
		{9E9DB2FF-3280-489D-9975-E9CDDFF5CAC8}.Release|ARM.ActiveCfg = Release|ARM
		{9E9DB2FF-3280-489D-9975-E9CDDFF5CAC8}.Release|ARM.Build.0 = Release|ARM
		{9E9DB2FF-3280-489D-9975-E9CDDFF5CAC8}.Release|iPhone.ActiveCfg = Release|Any CPU
		{9E9DB2FF-3280-489D-9975-E9CDDFF5CAC8}.Release|iPhoneSimulator.ActiveCfg = Release|Any CPU
		{9E9DB2FF-3280-489D-9975-E9CDDFF5CAC8}.Release|Mixed Platforms.ActiveCfg = Release|x86
		{9E9DB2FF-3280-489D-9975-E9CDDFF5CAC8}.Release|Mixed Platforms.Build.0 = Release|x86
		{9E9DB2FF-3280-489D-9975-E9CDDFF5CAC8}.Release|x86.ActiveCfg = Release|x86
		{9E9DB2FF-3280-489D-9975-E9CDDFF5CAC8}.Release|x86.Build.0 = Release|x86
		{FEA50C28-D5E6-4D38-897D-359B44B4C1DA}.Ad-Hoc|Any CPU.ActiveCfg = Release|Any CPU
		{FEA50C28-D5E6-4D38-897D-359B44B4C1DA}.Ad-Hoc|Any CPU.Build.0 = Release|Any CPU
		{FEA50C28-D5E6-4D38-897D-359B44B4C1DA}.Ad-Hoc|Any CPU.Deploy.0 = Release|Any CPU
		{FEA50C28-D5E6-4D38-897D-359B44B4C1DA}.Ad-Hoc|ARM.ActiveCfg = Release|ARM
		{FEA50C28-D5E6-4D38-897D-359B44B4C1DA}.Ad-Hoc|ARM.Build.0 = Release|ARM
		{FEA50C28-D5E6-4D38-897D-359B44B4C1DA}.Ad-Hoc|ARM.Deploy.0 = Release|ARM
		{FEA50C28-D5E6-4D38-897D-359B44B4C1DA}.Ad-Hoc|iPhone.ActiveCfg = Release|Any CPU
		{FEA50C28-D5E6-4D38-897D-359B44B4C1DA}.Ad-Hoc|iPhoneSimulator.ActiveCfg = Release|Any CPU
		{FEA50C28-D5E6-4D38-897D-359B44B4C1DA}.Ad-Hoc|Mixed Platforms.ActiveCfg = Release|x86
		{FEA50C28-D5E6-4D38-897D-359B44B4C1DA}.Ad-Hoc|Mixed Platforms.Build.0 = Release|x86
		{FEA50C28-D5E6-4D38-897D-359B44B4C1DA}.Ad-Hoc|Mixed Platforms.Deploy.0 = Release|x86
		{FEA50C28-D5E6-4D38-897D-359B44B4C1DA}.Ad-Hoc|x86.ActiveCfg = Release|x86
		{FEA50C28-D5E6-4D38-897D-359B44B4C1DA}.Ad-Hoc|x86.Build.0 = Release|x86
		{FEA50C28-D5E6-4D38-897D-359B44B4C1DA}.Ad-Hoc|x86.Deploy.0 = Release|x86
		{FEA50C28-D5E6-4D38-897D-359B44B4C1DA}.AppStore|Any CPU.ActiveCfg = Release|Any CPU
		{FEA50C28-D5E6-4D38-897D-359B44B4C1DA}.AppStore|Any CPU.Build.0 = Release|Any CPU
		{FEA50C28-D5E6-4D38-897D-359B44B4C1DA}.AppStore|Any CPU.Deploy.0 = Release|Any CPU
		{FEA50C28-D5E6-4D38-897D-359B44B4C1DA}.AppStore|ARM.ActiveCfg = Release|ARM
		{FEA50C28-D5E6-4D38-897D-359B44B4C1DA}.AppStore|ARM.Build.0 = Release|ARM
		{FEA50C28-D5E6-4D38-897D-359B44B4C1DA}.AppStore|ARM.Deploy.0 = Release|ARM
		{FEA50C28-D5E6-4D38-897D-359B44B4C1DA}.AppStore|iPhone.ActiveCfg = Release|Any CPU
		{FEA50C28-D5E6-4D38-897D-359B44B4C1DA}.AppStore|iPhoneSimulator.ActiveCfg = Release|Any CPU
		{FEA50C28-D5E6-4D38-897D-359B44B4C1DA}.AppStore|Mixed Platforms.ActiveCfg = Release|x86
		{FEA50C28-D5E6-4D38-897D-359B44B4C1DA}.AppStore|Mixed Platforms.Build.0 = Release|x86
		{FEA50C28-D5E6-4D38-897D-359B44B4C1DA}.AppStore|Mixed Platforms.Deploy.0 = Release|x86
		{FEA50C28-D5E6-4D38-897D-359B44B4C1DA}.AppStore|x86.ActiveCfg = Release|x86
		{FEA50C28-D5E6-4D38-897D-359B44B4C1DA}.AppStore|x86.Build.0 = Release|x86
		{FEA50C28-D5E6-4D38-897D-359B44B4C1DA}.AppStore|x86.Deploy.0 = Release|x86
		{FEA50C28-D5E6-4D38-897D-359B44B4C1DA}.Debug|Any CPU.ActiveCfg = Debug|Any CPU
		{FEA50C28-D5E6-4D38-897D-359B44B4C1DA}.Debug|Any CPU.Build.0 = Debug|Any CPU
		{FEA50C28-D5E6-4D38-897D-359B44B4C1DA}.Debug|Any CPU.Deploy.0 = Debug|Any CPU
		{FEA50C28-D5E6-4D38-897D-359B44B4C1DA}.Debug|ARM.ActiveCfg = Debug|ARM
		{FEA50C28-D5E6-4D38-897D-359B44B4C1DA}.Debug|ARM.Build.0 = Debug|ARM
		{FEA50C28-D5E6-4D38-897D-359B44B4C1DA}.Debug|ARM.Deploy.0 = Debug|ARM
		{FEA50C28-D5E6-4D38-897D-359B44B4C1DA}.Debug|iPhone.ActiveCfg = Debug|Any CPU
		{FEA50C28-D5E6-4D38-897D-359B44B4C1DA}.Debug|iPhoneSimulator.ActiveCfg = Debug|Any CPU
		{FEA50C28-D5E6-4D38-897D-359B44B4C1DA}.Debug|Mixed Platforms.ActiveCfg = Debug|x86
		{FEA50C28-D5E6-4D38-897D-359B44B4C1DA}.Debug|Mixed Platforms.Build.0 = Debug|x86
		{FEA50C28-D5E6-4D38-897D-359B44B4C1DA}.Debug|Mixed Platforms.Deploy.0 = Debug|x86
		{FEA50C28-D5E6-4D38-897D-359B44B4C1DA}.Debug|x86.ActiveCfg = Debug|x86
		{FEA50C28-D5E6-4D38-897D-359B44B4C1DA}.Debug|x86.Build.0 = Debug|x86
		{FEA50C28-D5E6-4D38-897D-359B44B4C1DA}.Debug|x86.Deploy.0 = Debug|x86
		{FEA50C28-D5E6-4D38-897D-359B44B4C1DA}.Release|Any CPU.ActiveCfg = Release|Any CPU
		{FEA50C28-D5E6-4D38-897D-359B44B4C1DA}.Release|Any CPU.Build.0 = Release|Any CPU
		{FEA50C28-D5E6-4D38-897D-359B44B4C1DA}.Release|Any CPU.Deploy.0 = Release|Any CPU
		{FEA50C28-D5E6-4D38-897D-359B44B4C1DA}.Release|ARM.ActiveCfg = Release|ARM
		{FEA50C28-D5E6-4D38-897D-359B44B4C1DA}.Release|ARM.Build.0 = Release|ARM
		{FEA50C28-D5E6-4D38-897D-359B44B4C1DA}.Release|ARM.Deploy.0 = Release|ARM
		{FEA50C28-D5E6-4D38-897D-359B44B4C1DA}.Release|iPhone.ActiveCfg = Release|Any CPU
		{FEA50C28-D5E6-4D38-897D-359B44B4C1DA}.Release|iPhoneSimulator.ActiveCfg = Release|Any CPU
		{FEA50C28-D5E6-4D38-897D-359B44B4C1DA}.Release|Mixed Platforms.ActiveCfg = Release|x86
		{FEA50C28-D5E6-4D38-897D-359B44B4C1DA}.Release|Mixed Platforms.Build.0 = Release|x86
		{FEA50C28-D5E6-4D38-897D-359B44B4C1DA}.Release|Mixed Platforms.Deploy.0 = Release|x86
		{FEA50C28-D5E6-4D38-897D-359B44B4C1DA}.Release|x86.ActiveCfg = Release|x86
		{FEA50C28-D5E6-4D38-897D-359B44B4C1DA}.Release|x86.Build.0 = Release|x86
		{FEA50C28-D5E6-4D38-897D-359B44B4C1DA}.Release|x86.Deploy.0 = Release|x86
	EndGlobalSection
	GlobalSection(SolutionProperties) = preSolution
		HideSolutionNode = FALSE
	EndGlobalSection
	GlobalSection(NestedProjects) = preSolution
		{67F9D3A8-F71E-4428-913F-C37AE82CDB24} = {00869A69-D15A-4B39-8C3D-8E191699A8BD}
		{BDDCE0E6-F0FD-463A-A7E9-36699A29682F} = {00869A69-D15A-4B39-8C3D-8E191699A8BD}
		{E8713DEA-5C9A-4124-B56E-02D9DE3EC33E} = {00869A69-D15A-4B39-8C3D-8E191699A8BD}
		{3A377BEA-6A48-42D3-B80C-833DAE4C552B} = {9E493534-58F9-4D1C-ABD8-E19B1087C892}
		{01F109BC-DE1D-459B-B797-5D16EBE0621D} = {9E493534-58F9-4D1C-ABD8-E19B1087C892}
		{70C18BA9-C5F5-421E-A9A8-D8BD8B2117EB} = {9E493534-58F9-4D1C-ABD8-E19B1087C892}
		{9E9DB2FF-3280-489D-9975-E9CDDFF5CAC8} = {00869A69-D15A-4B39-8C3D-8E191699A8BD}
		{FEA50C28-D5E6-4D38-897D-359B44B4C1DA} = {9E493534-58F9-4D1C-ABD8-E19B1087C892}
	EndGlobalSection
EndGlobal
